<?xml version="1.0" encoding="UTF-8" standalone="yes" ?>
<CodeBlocks_project_file>
   <FileVersion major="1" minor="6" />
   <Project>
      <Option title="VINS-Focus" />
      <Option makefile_is_custom="1" />
      <Option compiler="gcc" />
      <Option virtualFolders="CMake Files\;CMake Files\..\;CMake Files\..\..\;CMake Files\..\..\..\;CMake Files\..\..\..\..\;CMake Files\..\..\..\..\..\;CMake Files\..\..\..\..\..\usr\;CMake Files\..\..\..\..\..\usr\local\;CMake Files\..\..\..\..\..\usr\local\lib\;CMake Files\..\..\..\..\..\usr\local\lib\cmake\;CMake Files\..\..\..\..\..\usr\local\lib\cmake\opencv4\;CMake Files\core\;CMake Files\sensors\;CMake Files\utils\;" />
      <Build>
      <Target title="all">
         <Option working_dir="/home/apin/Desktop/ComputerVision/Focus" />
         <Option type="4" />
         <MakeCommands>
            <Build command="/usr/bin/gmake -f &quot;/home/apin/Desktop/ComputerVision/Focus/Makefile&quot;  VERBOSE=1 all" />
            <CompileFile command="/usr/bin/gmake -f &quot;/home/apin/Desktop/ComputerVision/Focus/Makefile&quot;  VERBOSE=1 &quot;$file&quot;" />
            <Clean command="/usr/bin/gmake -f &quot;/home/apin/Desktop/ComputerVision/Focus/Makefile&quot;  VERBOSE=1 clean" />
            <DistClean command="/usr/bin/gmake -f &quot;/home/apin/Desktop/ComputerVision/Focus/Makefile&quot;  VERBOSE=1 clean" />
         </MakeCommands>
      </Target>
      <Target title="edit_cache">
         <Option working_dir="/home/apin/Desktop/ComputerVision/Focus" />
         <Option type="4" />
         <MakeCommands>
            <Build command="/usr/bin/gmake -f &quot;/home/apin/Desktop/ComputerVision/Focus/Makefile&quot;  VERBOSE=1 edit_cache" />
            <CompileFile command="/usr/bin/gmake -f &quot;/home/apin/Desktop/ComputerVision/Focus/Makefile&quot;  VERBOSE=1 &quot;$file&quot;" />
            <Clean command="/usr/bin/gmake -f &quot;/home/apin/Desktop/ComputerVision/Focus/Makefile&quot;  VERBOSE=1 clean" />
            <DistClean command="/usr/bin/gmake -f &quot;/home/apin/Desktop/ComputerVision/Focus/Makefile&quot;  VERBOSE=1 clean" />
         </MakeCommands>
      </Target>
      <Target title="rebuild_cache">
         <Option working_dir="/home/apin/Desktop/ComputerVision/Focus" />
         <Option type="4" />
         <MakeCommands>
            <Build command="/usr/bin/gmake -f &quot;/home/apin/Desktop/ComputerVision/Focus/Makefile&quot;  VERBOSE=1 rebuild_cache" />
            <CompileFile command="/usr/bin/gmake -f &quot;/home/apin/Desktop/ComputerVision/Focus/Makefile&quot;  VERBOSE=1 &quot;$file&quot;" />
            <Clean command="/usr/bin/gmake -f &quot;/home/apin/Desktop/ComputerVision/Focus/Makefile&quot;  VERBOSE=1 clean" />
            <DistClean command="/usr/bin/gmake -f &quot;/home/apin/Desktop/ComputerVision/Focus/Makefile&quot;  VERBOSE=1 clean" />
         </MakeCommands>
      </Target>
      <Target title="msg_generate">
         <Option working_dir="/home/apin/Desktop/ComputerVision/Focus" />
         <Option type="4" />
         <MakeCommands>
            <Build command="/usr/bin/gmake -f &quot;/home/apin/Desktop/ComputerVision/Focus/Makefile&quot;  VERBOSE=1 msg_generate" />
            <CompileFile command="/usr/bin/gmake -f &quot;/home/apin/Desktop/ComputerVision/Focus/Makefile&quot;  VERBOSE=1 &quot;$file&quot;" />
            <Clean command="/usr/bin/gmake -f &quot;/home/apin/Desktop/ComputerVision/Focus/Makefile&quot;  VERBOSE=1 clean" />
            <DistClean command="/usr/bin/gmake -f &quot;/home/apin/Desktop/ComputerVision/Focus/Makefile&quot;  VERBOSE=1 clean" />
         </MakeCommands>
      </Target>
      <Target title="VINS-Focus">
         <Option output="/home/apin/Desktop/ComputerVision/Focus/VINS-Focus" prefix_auto="0" extension_auto="0" />
         <Option working_dir="/home/apin/Desktop/ComputerVision/Focus" />
         <Option object_output="./" />
         <Option type="1" />
         <Option compiler="gcc" />
         <Compiler>
            <Add directory="/home/apin/Desktop/ComputerVision/Focus" />
            <Add directory="/home/apin/Desktop/ComputerVision/Focus/core" />
            <Add directory="/home/apin/Desktop/ComputerVision/Focus/libraries" />
            <Add directory="/home/apin/Desktop/ComputerVision/Focus/sensors" />
            <Add directory="/home/apin/Desktop/ComputerVision/Focus/utils" />
            <Add directory="/usr/local/include/opencv4" />
         </Compiler>
         <MakeCommands>
            <Build command="/usr/bin/gmake -f &quot;/home/apin/Desktop/ComputerVision/Focus/Makefile&quot;  VERBOSE=1 VINS-Focus" />
            <CompileFile command="/usr/bin/gmake -f &quot;/home/apin/Desktop/ComputerVision/Focus/Makefile&quot;  VERBOSE=1 &quot;$file&quot;" />
            <Clean command="/usr/bin/gmake -f &quot;/home/apin/Desktop/ComputerVision/Focus/Makefile&quot;  VERBOSE=1 clean" />
            <DistClean command="/usr/bin/gmake -f &quot;/home/apin/Desktop/ComputerVision/Focus/Makefile&quot;  VERBOSE=1 clean" />
         </MakeCommands>
      </Target>
      <Target title="VINS-Focus/fast">
         <Option output="/home/apin/Desktop/ComputerVision/Focus/VINS-Focus" prefix_auto="0" extension_auto="0" />
         <Option working_dir="/home/apin/Desktop/ComputerVision/Focus" />
         <Option object_output="./" />
         <Option type="1" />
         <Option compiler="gcc" />
         <Compiler>
            <Add directory="/home/apin/Desktop/ComputerVision/Focus" />
            <Add directory="/home/apin/Desktop/ComputerVision/Focus/core" />
            <Add directory="/home/apin/Desktop/ComputerVision/Focus/libraries" />
            <Add directory="/home/apin/Desktop/ComputerVision/Focus/sensors" />
            <Add directory="/home/apin/Desktop/ComputerVision/Focus/utils" />
            <Add directory="/usr/local/include/opencv4" />
         </Compiler>
         <MakeCommands>
            <Build command="/usr/bin/gmake -f &quot;/home/apin/Desktop/ComputerVision/Focus/Makefile&quot;  VERBOSE=1 VINS-Focus/fast" />
            <CompileFile command="/usr/bin/gmake -f &quot;/home/apin/Desktop/ComputerVision/Focus/Makefile&quot;  VERBOSE=1 &quot;$file&quot;" />
            <Clean command="/usr/bin/gmake -f &quot;/home/apin/Desktop/ComputerVision/Focus/Makefile&quot;  VERBOSE=1 clean" />
            <DistClean command="/usr/bin/gmake -f &quot;/home/apin/Desktop/ComputerVision/Focus/Makefile&quot;  VERBOSE=1 clean" />
         </MakeCommands>
      </Target>
      <Target title="core">
         <Option output="/home/apin/Desktop/ComputerVision/Focus/build/core/libcore.a" prefix_auto="0" extension_auto="0" />
         <Option working_dir="/home/apin/Desktop/ComputerVision/Focus/build/core" />
         <Option object_output="./" />
         <Option type="2" />
         <Option compiler="gcc" />
         <Compiler>
            <Add directory="/home/apin/Desktop/ComputerVision/Focus" />
            <Add directory="/home/apin/Desktop/ComputerVision/Focus/core" />
            <Add directory="/home/apin/Desktop/ComputerVision/Focus/libraries" />
            <Add directory="/home/apin/Desktop/ComputerVision/Focus/sensors" />
            <Add directory="/home/apin/Desktop/ComputerVision/Focus/utils" />
            <Add directory="/usr/local/include/opencv4" />
         </Compiler>
         <MakeCommands>
            <Build command="/usr/bin/gmake -f &quot;/home/apin/Desktop/ComputerVision/Focus/build/core/Makefile&quot;  VERBOSE=1 core" />
            <CompileFile command="/usr/bin/gmake -f &quot;/home/apin/Desktop/ComputerVision/Focus/build/core/Makefile&quot;  VERBOSE=1 &quot;$file&quot;" />
            <Clean command="/usr/bin/gmake -f &quot;/home/apin/Desktop/ComputerVision/Focus/build/core/Makefile&quot;  VERBOSE=1 clean" />
            <DistClean command="/usr/bin/gmake -f &quot;/home/apin/Desktop/ComputerVision/Focus/build/core/Makefile&quot;  VERBOSE=1 clean" />
         </MakeCommands>
      </Target>
      <Target title="core/fast">
         <Option output="/home/apin/Desktop/ComputerVision/Focus/build/core/libcore.a" prefix_auto="0" extension_auto="0" />
         <Option working_dir="/home/apin/Desktop/ComputerVision/Focus/build/core" />
         <Option object_output="./" />
         <Option type="2" />
         <Option compiler="gcc" />
         <Compiler>
            <Add directory="/home/apin/Desktop/ComputerVision/Focus" />
            <Add directory="/home/apin/Desktop/ComputerVision/Focus/core" />
            <Add directory="/home/apin/Desktop/ComputerVision/Focus/libraries" />
            <Add directory="/home/apin/Desktop/ComputerVision/Focus/sensors" />
            <Add directory="/home/apin/Desktop/ComputerVision/Focus/utils" />
            <Add directory="/usr/local/include/opencv4" />
         </Compiler>
         <MakeCommands>
            <Build command="/usr/bin/gmake -f &quot;/home/apin/Desktop/ComputerVision/Focus/build/core/Makefile&quot;  VERBOSE=1 core/fast" />
            <CompileFile command="/usr/bin/gmake -f &quot;/home/apin/Desktop/ComputerVision/Focus/build/core/Makefile&quot;  VERBOSE=1 &quot;$file&quot;" />
            <Clean command="/usr/bin/gmake -f &quot;/home/apin/Desktop/ComputerVision/Focus/build/core/Makefile&quot;  VERBOSE=1 clean" />
            <DistClean command="/usr/bin/gmake -f &quot;/home/apin/Desktop/ComputerVision/Focus/build/core/Makefile&quot;  VERBOSE=1 clean" />
         </MakeCommands>
      </Target>
      <Target title="sensors">
         <Option output="/home/apin/Desktop/ComputerVision/Focus/build/sensors/libsensors.a" prefix_auto="0" extension_auto="0" />
         <Option working_dir="/home/apin/Desktop/ComputerVision/Focus/build/sensors" />
         <Option object_output="./" />
         <Option type="2" />
         <Option compiler="gcc" />
         <Compiler>
            <Add directory="/home/apin/Desktop/ComputerVision/Focus" />
            <Add directory="/home/apin/Desktop/ComputerVision/Focus/core" />
            <Add directory="/home/apin/Desktop/ComputerVision/Focus/libraries" />
            <Add directory="/home/apin/Desktop/ComputerVision/Focus/sensors" />
            <Add directory="/home/apin/Desktop/ComputerVision/Focus/utils" />
            <Add directory="/usr/local/include/opencv4" />
         </Compiler>
         <MakeCommands>
            <Build command="/usr/bin/gmake -f &quot;/home/apin/Desktop/ComputerVision/Focus/build/sensors/Makefile&quot;  VERBOSE=1 sensors" />
            <CompileFile command="/usr/bin/gmake -f &quot;/home/apin/Desktop/ComputerVision/Focus/build/sensors/Makefile&quot;  VERBOSE=1 &quot;$file&quot;" />
            <Clean command="/usr/bin/gmake -f &quot;/home/apin/Desktop/ComputerVision/Focus/build/sensors/Makefile&quot;  VERBOSE=1 clean" />
            <DistClean command="/usr/bin/gmake -f &quot;/home/apin/Desktop/ComputerVision/Focus/build/sensors/Makefile&quot;  VERBOSE=1 clean" />
         </MakeCommands>
      </Target>
      <Target title="sensors/fast">
         <Option output="/home/apin/Desktop/ComputerVision/Focus/build/sensors/libsensors.a" prefix_auto="0" extension_auto="0" />
         <Option working_dir="/home/apin/Desktop/ComputerVision/Focus/build/sensors" />
         <Option object_output="./" />
         <Option type="2" />
         <Option compiler="gcc" />
         <Compiler>
            <Add directory="/home/apin/Desktop/ComputerVision/Focus" />
            <Add directory="/home/apin/Desktop/ComputerVision/Focus/core" />
            <Add directory="/home/apin/Desktop/ComputerVision/Focus/libraries" />
            <Add directory="/home/apin/Desktop/ComputerVision/Focus/sensors" />
            <Add directory="/home/apin/Desktop/ComputerVision/Focus/utils" />
            <Add directory="/usr/local/include/opencv4" />
         </Compiler>
         <MakeCommands>
            <Build command="/usr/bin/gmake -f &quot;/home/apin/Desktop/ComputerVision/Focus/build/sensors/Makefile&quot;  VERBOSE=1 sensors/fast" />
            <CompileFile command="/usr/bin/gmake -f &quot;/home/apin/Desktop/ComputerVision/Focus/build/sensors/Makefile&quot;  VERBOSE=1 &quot;$file&quot;" />
            <Clean command="/usr/bin/gmake -f &quot;/home/apin/Desktop/ComputerVision/Focus/build/sensors/Makefile&quot;  VERBOSE=1 clean" />
            <DistClean command="/usr/bin/gmake -f &quot;/home/apin/Desktop/ComputerVision/Focus/build/sensors/Makefile&quot;  VERBOSE=1 clean" />
         </MakeCommands>
      </Target>
      <Target title="utils">
         <Option output="/home/apin/Desktop/ComputerVision/Focus/build/utils/libutils.a" prefix_auto="0" extension_auto="0" />
         <Option working_dir="/home/apin/Desktop/ComputerVision/Focus/build/utils" />
         <Option object_output="./" />
         <Option type="2" />
         <Option compiler="gcc" />
         <Compiler>
            <Add directory="/home/apin/Desktop/ComputerVision/Focus" />
            <Add directory="/home/apin/Desktop/ComputerVision/Focus/core" />
            <Add directory="/home/apin/Desktop/ComputerVision/Focus/libraries" />
            <Add directory="/home/apin/Desktop/ComputerVision/Focus/sensors" />
            <Add directory="/home/apin/Desktop/ComputerVision/Focus/utils" />
            <Add directory="/usr/local/include/opencv4" />
         </Compiler>
         <MakeCommands>
            <Build command="/usr/bin/gmake -f &quot;/home/apin/Desktop/ComputerVision/Focus/build/utils/Makefile&quot;  VERBOSE=1 utils" />
            <CompileFile command="/usr/bin/gmake -f &quot;/home/apin/Desktop/ComputerVision/Focus/build/utils/Makefile&quot;  VERBOSE=1 &quot;$file&quot;" />
            <Clean command="/usr/bin/gmake -f &quot;/home/apin/Desktop/ComputerVision/Focus/build/utils/Makefile&quot;  VERBOSE=1 clean" />
            <DistClean command="/usr/bin/gmake -f &quot;/home/apin/Desktop/ComputerVision/Focus/build/utils/Makefile&quot;  VERBOSE=1 clean" />
         </MakeCommands>
      </Target>
      <Target title="utils/fast">
         <Option output="/home/apin/Desktop/ComputerVision/Focus/build/utils/libutils.a" prefix_auto="0" extension_auto="0" />
         <Option working_dir="/home/apin/Desktop/ComputerVision/Focus/build/utils" />
         <Option object_output="./" />
         <Option type="2" />
         <Option compiler="gcc" />
         <Compiler>
            <Add directory="/home/apin/Desktop/ComputerVision/Focus" />
            <Add directory="/home/apin/Desktop/ComputerVision/Focus/core" />
            <Add directory="/home/apin/Desktop/ComputerVision/Focus/libraries" />
            <Add directory="/home/apin/Desktop/ComputerVision/Focus/sensors" />
            <Add directory="/home/apin/Desktop/ComputerVision/Focus/utils" />
            <Add directory="/usr/local/include/opencv4" />
         </Compiler>
         <MakeCommands>
            <Build command="/usr/bin/gmake -f &quot;/home/apin/Desktop/ComputerVision/Focus/build/utils/Makefile&quot;  VERBOSE=1 utils/fast" />
            <CompileFile command="/usr/bin/gmake -f &quot;/home/apin/Desktop/ComputerVision/Focus/build/utils/Makefile&quot;  VERBOSE=1 &quot;$file&quot;" />
            <Clean command="/usr/bin/gmake -f &quot;/home/apin/Desktop/ComputerVision/Focus/build/utils/Makefile&quot;  VERBOSE=1 clean" />
            <DistClean command="/usr/bin/gmake -f &quot;/home/apin/Desktop/ComputerVision/Focus/build/utils/Makefile&quot;  VERBOSE=1 clean" />
         </MakeCommands>
      </Target>
      </Build>
      <Unit filename="/home/apin/Desktop/ComputerVision/Focus/core/transport/Node.hpp">
         <Option target="core"/>
      </Unit>
      <Unit filename="/home/apin/Desktop/ComputerVision/Focus/core/transport/Publisher.hpp">
         <Option target="core"/>
      </Unit>
      <Unit filename="/home/apin/Desktop/ComputerVision/Focus/core/transport/Subscriber.hpp">
         <Option target="core"/>
      </Unit>
      <Unit filename="/home/apin/Desktop/ComputerVision/Focus/core/transport/Topic.hpp">
         <Option target="core"/>
      </Unit>
      <Unit filename="/home/apin/Desktop/ComputerVision/Focus/core/transport/msg_generated/sensor_accel.hpp">
         <Option target="core"/>
      </Unit>
      <Unit filename="/home/apin/Desktop/ComputerVision/Focus/core/transport/msg_generated/sensor_gyro.hpp">
         <Option target="core"/>
      </Unit>
      <Unit filename="/home/apin/Desktop/ComputerVision/Focus/core/transport/msg_generated/sensor_image_gray.hpp">
         <Option target="core"/>
      </Unit>
      <Unit filename="/home/apin/Desktop/ComputerVision/Focus/core/transport/msg_generated/sensor_image_rgb.hpp">
         <Option target="core"/>
      </Unit>
      <Unit filename="/home/apin/Desktop/ComputerVision/Focus/main.cpp">
         <Option target="VINS-Focus"/>
      </Unit>
      <Unit filename="/home/apin/Desktop/ComputerVision/Focus/sensors/imu/basic_source/InertialSource.cpp">
         <Option target="sensors"/>
      </Unit>
      <Unit filename="/home/apin/Desktop/ComputerVision/Focus/sensors/imu/basic_source/InertialSource.hpp">
         <Option target="sensors"/>
      </Unit>
      <Unit filename="/home/apin/Desktop/ComputerVision/Focus/sensors/imu/basic_source/InertialSourceFactory.hpp">
         <Option target="sensors"/>
      </Unit>
      <Unit filename="/home/apin/Desktop/ComputerVision/Focus/sensors/imu/imu.hpp">
         <Option target="sensors"/>
      </Unit>
      <Unit filename="/home/apin/Desktop/ComputerVision/Focus/sensors/imu/imu_file/IMUFileHandler.cpp">
         <Option target="sensors"/>
      </Unit>
      <Unit filename="/home/apin/Desktop/ComputerVision/Focus/sensors/imu/imu_file/IMUFileHandler.hpp">
         <Option target="sensors"/>
      </Unit>
      <Unit filename="/home/apin/Desktop/ComputerVision/Focus/sensors/imu/imu_gazebo/IMUGazeboHandler.cpp">
         <Option target="sensors"/>
      </Unit>
      <Unit filename="/home/apin/Desktop/ComputerVision/Focus/sensors/imu/imu_gazebo/IMUGazeboHandler.hpp">
         <Option target="sensors"/>
      </Unit>
      <Unit filename="/home/apin/Desktop/ComputerVision/Focus/sensors/imu/imu_sensor/IMUSensorHandler.cpp">
         <Option target="sensors"/>
      </Unit>
      <Unit filename="/home/apin/Desktop/ComputerVision/Focus/sensors/imu/imu_sensor/IMUSensorHandler.hpp">
         <Option target="sensors"/>
      </Unit>
      <Unit filename="/home/apin/Desktop/ComputerVision/Focus/sensors/video/DataPackageBase.hpp">
         <Option target="sensors"/>
      </Unit>
      <Unit filename="/home/apin/Desktop/ComputerVision/Focus/sensors/video/basic_source/VideoSource.cpp">
         <Option target="sensors"/>
      </Unit>
      <Unit filename="/home/apin/Desktop/ComputerVision/Focus/sensors/video/basic_source/VideoSource.hpp">
         <Option target="sensors"/>
      </Unit>
      <Unit filename="/home/apin/Desktop/ComputerVision/Focus/sensors/video/basic_source/VideoSourceFactory.hpp">
         <Option target="sensors"/>
      </Unit>
      <Unit filename="/home/apin/Desktop/ComputerVision/Focus/sensors/video/video.hpp">
         <Option target="sensors"/>
      </Unit>
      <Unit filename="/home/apin/Desktop/ComputerVision/Focus/sensors/video/video_camera/CameraHandler.cpp">
         <Option target="sensors"/>
      </Unit>
      <Unit filename="/home/apin/Desktop/ComputerVision/Focus/sensors/video/video_camera/CameraHandler.hpp">
         <Option target="sensors"/>
      </Unit>
      <Unit filename="/home/apin/Desktop/ComputerVision/Focus/sensors/video/video_dataset/DatasetHandler.cpp">
         <Option target="sensors"/>
      </Unit>
      <Unit filename="/home/apin/Desktop/ComputerVision/Focus/sensors/video/video_dataset/DatasetHandler.hpp">
         <Option target="sensors"/>
      </Unit>
      <Unit filename="/home/apin/Desktop/ComputerVision/Focus/sensors/video/video_record/VideoHandler.cpp">
         <Option target="sensors"/>
      </Unit>
      <Unit filename="/home/apin/Desktop/ComputerVision/Focus/sensors/video/video_record/VideoHandler.hpp">
         <Option target="sensors"/>
      </Unit>
      <Unit filename="/home/apin/Desktop/ComputerVision/Focus/sensors/video/video_stream/StreamHandler.cpp">
         <Option target="sensors"/>
      </Unit>
      <Unit filename="/home/apin/Desktop/ComputerVision/Focus/sensors/video/video_stream/StreamHandler.hpp">
         <Option target="sensors"/>
      </Unit>
      <Unit filename="/home/apin/Desktop/ComputerVision/Focus/utils/print_info.hpp">
         <Option target="utils"/>
      </Unit>
      <Unit filename="/home/apin/Desktop/ComputerVision/Focus/utils/video_recorder/VideoRecorder.cpp">
         <Option target="utils"/>
      </Unit>
      <Unit filename="/home/apin/Desktop/ComputerVision/Focus/utils/video_recorder/VideoRecorder.hpp">
         <Option target="utils"/>
      </Unit>
      <Unit filename="/home/apin/Desktop/ComputerVision/Focus/CMakeLists.txt">
          <Option virtualFolder="CMake Files\" />
      </Unit>
      <Unit filename="/home/apin/Desktop/ComputerVision/Focus/../../../../../usr/local/lib/cmake/opencv4/OpenCVConfig-version.cmake">
          <Option virtualFolder="CMake Files\..\..\..\..\..\usr\local\lib\cmake\opencv4\" />
      </Unit>
      <Unit filename="/home/apin/Desktop/ComputerVision/Focus/../../../../../usr/local/lib/cmake/opencv4/OpenCVConfig.cmake">
          <Option virtualFolder="CMake Files\..\..\..\..\..\usr\local\lib\cmake\opencv4\" />
      </Unit>
      <Unit filename="/home/apin/Desktop/ComputerVision/Focus/../../../../../usr/local/lib/cmake/opencv4/OpenCVModules.cmake">
          <Option virtualFolder="CMake Files\..\..\..\..\..\usr\local\lib\cmake\opencv4\" />
      </Unit>
      <Unit filename="/home/apin/Desktop/ComputerVision/Focus/../../../../../usr/local/lib/cmake/opencv4/OpenCVModules-release.cmake">
          <Option virtualFolder="CMake Files\..\..\..\..\..\usr\local\lib\cmake\opencv4\" />
      </Unit>
      <Unit filename="/home/apin/Desktop/ComputerVision/Focus/core/CMakeLists.txt">
          <Option virtualFolder="CMake Files\core\" />
      </Unit>
      <Unit filename="/home/apin/Desktop/ComputerVision/Focus/core/CMakeLists.txt">
          <Option virtualFolder="CMake Files\core\" />
      </Unit>
      <Unit filename="/home/apin/Desktop/ComputerVision/Focus/sensors/CMakeLists.txt">
          <Option virtualFolder="CMake Files\sensors\" />
      </Unit>
      <Unit filename="/home/apin/Desktop/ComputerVision/Focus/sensors/CMakeLists.txt">
          <Option virtualFolder="CMake Files\sensors\" />
      </Unit>
      <Unit filename="/home/apin/Desktop/ComputerVision/Focus/utils/CMakeLists.txt">
          <Option virtualFolder="CMake Files\utils\" />
      </Unit>
      <Unit filename="/home/apin/Desktop/ComputerVision/Focus/utils/CMakeLists.txt">
          <Option virtualFolder="CMake Files\utils\" />
      </Unit>
   </Project>
</CodeBlocks_project_file>
